
Microsoft Visual Studio Solution File, Format Version 12.00
# Visual Studio Version 17
VisualStudioVersion = 17.4.33205.214
MinimumVisualStudioVersion = 10.0.40219.1
Project("{2150E333-8FDC-42A3-9474-1A3956D46DE8}") = "src", "src", "{EAC439A1-814B-4892-BBEC-C1A851011240}"
EndProject
Project("{2150E333-8FDC-42A3-9474-1A3956D46DE8}") = "test", "test", "{AB76B6E2-4AEC-4387-80AF-E41BFEDDF4EC}"
EndProject
Project("{9A19103F-16F7-4668-BE54-9A1E7A4F7556}") = "Tests.Common", "test\Tests.Common\Tests.Common.csproj", "{A952A2E4-A406-450E-ABBD-F25B43AF86A5}"
EndProject
Project("{9A19103F-16F7-4668-BE54-9A1E7A4F7556}") = "FabricDiscovery.Service", "src\FabricDiscovery.Service\FabricDiscovery.Service.csproj", "{AA934CE2-6695-4132-9F11-D21CFE7BFBB2}"
EndProject
Project("{9A19103F-16F7-4668-BE54-9A1E7A4F7556}") = "FabricDiscovery.Service.Tests", "test\FabricDiscovery.Service.Tests\FabricDiscovery.Service.Tests.csproj", "{0AA14CE6-D93E-4D59-B1CA-D2F7E8585539}"
EndProject
Project("{9A19103F-16F7-4668-BE54-9A1E7A4F7556}") = "FabricDiscovery.Core", "src\FabricDiscovery.Core\FabricDiscovery.Core.csproj", "{538EF266-8663-4726-B826-015B708F2101}"
EndProject
Project("{9A19103F-16F7-4668-BE54-9A1E7A4F7556}") = "FabricDiscovery.Core.Tests", "test\FabricDiscovery.Core.Tests\FabricDiscovery.Core.Tests.csproj", "{842A04E4-D8D4-4ED3-A8B6-0DE9C33AA0CE}"
EndProject
Project("{9A19103F-16F7-4668-BE54-9A1E7A4F7556}") = "YarpProxy.Service", "src\YarpProxy.Service\YarpProxy.Service.csproj", "{50AE459E-2A61-4FE7-A65B-F35926BA1E47}"
EndProject
Project("{A07B5EB6-E848-4116-A8D0-A826331D98C6}") = "YarpProxyApp", "src\YarpProxyApp\YarpProxyApp.sfproj", "{7B745062-F768-4D81-9A2A-B778D5B05098}"
EndProject
Project("{9A19103F-16F7-4668-BE54-9A1E7A4F7556}") = "FabricUtil", "src\FabricUtil\FabricUtil.csproj", "{01C65F90-880D-4AE2-8E20-EC1CEE075491}"
EndProject
Project("{9A19103F-16F7-4668-BE54-9A1E7A4F7556}") = "EchoService", "src\EchoService\EchoService.csproj", "{056A35FD-03E6-453B-98CC-4B2DC8A785A9}"
EndProject
Project("{9A19103F-16F7-4668-BE54-9A1E7A4F7556}") = "RemoteConfig.Client", "src\RemoteConfig.Client\RemoteConfig.Client.csproj", "{7D7EABA3-2E7B-4E53-B9CA-CBC4F58CB1F5}"
EndProject
Project("{9A19103F-16F7-4668-BE54-9A1E7A4F7556}") = "RemoteConfig.Contract", "src\RemoteConfig.Contract\RemoteConfig.Contract.csproj", "{2C8DF16B-F0BF-4B2A-A10C-8FAFEAE35E8E}"
EndProject
Project("{9A19103F-16F7-4668-BE54-9A1E7A4F7556}") = "RemoteConfig.Client.Tests", "test\RemoteConfig.Client.Tests\RemoteConfig.Client.Tests.csproj", "{4A2E5421-B569-456D-AAA2-C3E438E94374}"
EndProject
Project("{9A19103F-16F7-4668-BE54-9A1E7A4F7556}") = "SFYarp.Common", "src\SFYarp.Common\SFYarp.Common.csproj", "{7D2B000B-32C6-41B4-B219-DD4501B8AFD0}"
EndProject
Project("{9A19103F-16F7-4668-BE54-9A1E7A4F7556}") = "SFYarp.CoreServicesBorrowed", "src\SFYarp.CoreServicesBorrowed\SFYarp.CoreServicesBorrowed.csproj", "{09A45973-D8FB-46B6-888F-E2A67F46039F}"
EndProject
Project("{9A19103F-16F7-4668-BE54-9A1E7A4F7556}") = "SFYarp.CoreServicesBorrowed.Tests", "test\SFYarp.CoreServicesBorrowed.Tests\SFYarp.CoreServicesBorrowed.Tests.csproj", "{29B83566-C189-4733-9B40-010737FD4507}"
EndProject
Project("{9A19103F-16F7-4668-BE54-9A1E7A4F7556}") = "SFYarp.Common.Tests", "test\SFYarp.Common.Tests\SFYarp.Common.Tests.csproj", "{BECCB7DF-A471-475F-847D-DAEA897F9E4B}"
EndProject
Project("{9A19103F-16F7-4668-BE54-9A1E7A4F7556}") = "SFYarp.InternalTelemetry", "src\SFYarp.InternalTelemetry\SFYarp.InternalTelemetry.csproj", "{4E65259E-676B-4B14-8400-C71E377A2171}"
EndProject
Project("{2150E333-8FDC-42A3-9474-1A3956D46DE8}") = "Solution Items", "Solution Items", "{5078ABDF-1834-4D83-9380-4333BAB6547D}"
EndProject
Global
	GlobalSection(SolutionConfigurationPlatforms) = preSolution
		Debug|Any CPU = Debug|Any CPU
		Debug|x64 = Debug|x64
		Release|Any CPU = Release|Any CPU
		Release|x64 = Release|x64
	EndGlobalSection
	GlobalSection(ProjectConfigurationPlatforms) = postSolution
		{A952A2E4-A406-450E-ABBD-F25B43AF86A5}.Debug|Any CPU.ActiveCfg = Debug|x64
		{A952A2E4-A406-450E-ABBD-F25B43AF86A5}.Debug|Any CPU.Build.0 = Debug|x64
		{A952A2E4-A406-450E-ABBD-F25B43AF86A5}.Debug|x64.ActiveCfg = Debug|x64
		{A952A2E4-A406-450E-ABBD-F25B43AF86A5}.Debug|x64.Build.0 = Debug|x64
		{A952A2E4-A406-450E-ABBD-F25B43AF86A5}.Release|Any CPU.ActiveCfg = Release|x64
		{A952A2E4-A406-450E-ABBD-F25B43AF86A5}.Release|x64.ActiveCfg = Release|x64
		{A952A2E4-A406-450E-ABBD-F25B43AF86A5}.Release|x64.Build.0 = Release|x64
		{AA934CE2-6695-4132-9F11-D21CFE7BFBB2}.Debug|Any CPU.ActiveCfg = Debug|x64
		{AA934CE2-6695-4132-9F11-D21CFE7BFBB2}.Debug|Any CPU.Build.0 = Debug|x64
		{AA934CE2-6695-4132-9F11-D21CFE7BFBB2}.Debug|x64.ActiveCfg = Debug|x64
		{AA934CE2-6695-4132-9F11-D21CFE7BFBB2}.Debug|x64.Build.0 = Debug|x64
		{AA934CE2-6695-4132-9F11-D21CFE7BFBB2}.Release|Any CPU.ActiveCfg = Release|x64
		{AA934CE2-6695-4132-9F11-D21CFE7BFBB2}.Release|x64.ActiveCfg = Release|x64
		{AA934CE2-6695-4132-9F11-D21CFE7BFBB2}.Release|x64.Build.0 = Release|x64
		{0AA14CE6-D93E-4D59-B1CA-D2F7E8585539}.Debug|Any CPU.ActiveCfg = Debug|x64
		{0AA14CE6-D93E-4D59-B1CA-D2F7E8585539}.Debug|Any CPU.Build.0 = Debug|x64
		{0AA14CE6-D93E-4D59-B1CA-D2F7E8585539}.Debug|x64.ActiveCfg = Debug|x64
		{0AA14CE6-D93E-4D59-B1CA-D2F7E8585539}.Debug|x64.Build.0 = Debug|x64
		{0AA14CE6-D93E-4D59-B1CA-D2F7E8585539}.Release|Any CPU.ActiveCfg = Release|x64
		{0AA14CE6-D93E-4D59-B1CA-D2F7E8585539}.Release|x64.ActiveCfg = Release|x64
		{0AA14CE6-D93E-4D59-B1CA-D2F7E8585539}.Release|x64.Build.0 = Release|x64
		{538EF266-8663-4726-B826-015B708F2101}.Debug|Any CPU.ActiveCfg = Debug|x64
		{538EF266-8663-4726-B826-015B708F2101}.Debug|Any CPU.Build.0 = Debug|x64
		{538EF266-8663-4726-B826-015B708F2101}.Debug|x64.ActiveCfg = Debug|x64
		{538EF266-8663-4726-B826-015B708F2101}.Debug|x64.Build.0 = Debug|x64
		{538EF266-8663-4726-B826-015B708F2101}.Release|Any CPU.ActiveCfg = Release|x64
		{538EF266-8663-4726-B826-015B708F2101}.Release|x64.ActiveCfg = Release|x64
		{538EF266-8663-4726-B826-015B708F2101}.Release|x64.Build.0 = Release|x64
		{842A04E4-D8D4-4ED3-A8B6-0DE9C33AA0CE}.Debug|Any CPU.ActiveCfg = Debug|x64
		{842A04E4-D8D4-4ED3-A8B6-0DE9C33AA0CE}.Debug|Any CPU.Build.0 = Debug|x64
		{842A04E4-D8D4-4ED3-A8B6-0DE9C33AA0CE}.Debug|x64.ActiveCfg = Debug|x64
		{842A04E4-D8D4-4ED3-A8B6-0DE9C33AA0CE}.Debug|x64.Build.0 = Debug|x64
		{842A04E4-D8D4-4ED3-A8B6-0DE9C33AA0CE}.Release|Any CPU.ActiveCfg = Release|x64
		{842A04E4-D8D4-4ED3-A8B6-0DE9C33AA0CE}.Release|x64.ActiveCfg = Release|x64
		{842A04E4-D8D4-4ED3-A8B6-0DE9C33AA0CE}.Release|x64.Build.0 = Release|x64
		{50AE459E-2A61-4FE7-A65B-F35926BA1E47}.Debug|Any CPU.ActiveCfg = Debug|x64
		{50AE459E-2A61-4FE7-A65B-F35926BA1E47}.Debug|Any CPU.Build.0 = Debug|x64
		{50AE459E-2A61-4FE7-A65B-F35926BA1E47}.Debug|x64.ActiveCfg = Debug|x64
		{50AE459E-2A61-4FE7-A65B-F35926BA1E47}.Debug|x64.Build.0 = Debug|x64
		{50AE459E-2A61-4FE7-A65B-F35926BA1E47}.Release|Any CPU.ActiveCfg = Release|x64
		{50AE459E-2A61-4FE7-A65B-F35926BA1E47}.Release|x64.ActiveCfg = Release|x64
		{50AE459E-2A61-4FE7-A65B-F35926BA1E47}.Release|x64.Build.0 = Release|x64
		{7B745062-F768-4D81-9A2A-B778D5B05098}.Debug|Any CPU.ActiveCfg = Debug|x64
		{7B745062-F768-4D81-9A2A-B778D5B05098}.Debug|x64.ActiveCfg = Debug|x64
		{7B745062-F768-4D81-9A2A-B778D5B05098}.Debug|x64.Build.0 = Debug|x64
		{7B745062-F768-4D81-9A2A-B778D5B05098}.Debug|x64.Deploy.0 = Debug|x64
		{7B745062-F768-4D81-9A2A-B778D5B05098}.Release|Any CPU.ActiveCfg = Release|x64
		{7B745062-F768-4D81-9A2A-B778D5B05098}.Release|x64.ActiveCfg = Release|x64
		{7B745062-F768-4D81-9A2A-B778D5B05098}.Release|x64.Build.0 = Release|x64
		{7B745062-F768-4D81-9A2A-B778D5B05098}.Release|x64.Deploy.0 = Release|x64
		{01C65F90-880D-4AE2-8E20-EC1CEE075491}.Debug|Any CPU.ActiveCfg = Debug|x64
		{01C65F90-880D-4AE2-8E20-EC1CEE075491}.Debug|Any CPU.Build.0 = Debug|x64
		{01C65F90-880D-4AE2-8E20-EC1CEE075491}.Debug|x64.ActiveCfg = Debug|x64
		{01C65F90-880D-4AE2-8E20-EC1CEE075491}.Debug|x64.Build.0 = Debug|x64
		{01C65F90-880D-4AE2-8E20-EC1CEE075491}.Release|Any CPU.ActiveCfg = Release|x64
		{01C65F90-880D-4AE2-8E20-EC1CEE075491}.Release|x64.ActiveCfg = Release|x64
		{01C65F90-880D-4AE2-8E20-EC1CEE075491}.Release|x64.Build.0 = Release|x64
		{056A35FD-03E6-453B-98CC-4B2DC8A785A9}.Debug|Any CPU.ActiveCfg = Debug|x64
		{056A35FD-03E6-453B-98CC-4B2DC8A785A9}.Debug|Any CPU.Build.0 = Debug|x64
		{056A35FD-03E6-453B-98CC-4B2DC8A785A9}.Debug|x64.ActiveCfg = Debug|x64
		{056A35FD-03E6-453B-98CC-4B2DC8A785A9}.Debug|x64.Build.0 = Debug|x64
		{056A35FD-03E6-453B-98CC-4B2DC8A785A9}.Release|Any CPU.ActiveCfg = Release|x64
		{056A35FD-03E6-453B-98CC-4B2DC8A785A9}.Release|x64.ActiveCfg = Release|x64
		{056A35FD-03E6-453B-98CC-4B2DC8A785A9}.Release|x64.Build.0 = Release|x64
		{7D7EABA3-2E7B-4E53-B9CA-CBC4F58CB1F5}.Debug|Any CPU.ActiveCfg = Debug|x64
		{7D7EABA3-2E7B-4E53-B9CA-CBC4F58CB1F5}.Debug|Any CPU.Build.0 = Debug|x64
		{7D7EABA3-2E7B-4E53-B9CA-CBC4F58CB1F5}.Debug|x64.ActiveCfg = Debug|x64
		{7D7EABA3-2E7B-4E53-B9CA-CBC4F58CB1F5}.Debug|x64.Build.0 = Debug|x64
		{7D7EABA3-2E7B-4E53-B9CA-CBC4F58CB1F5}.Release|Any CPU.ActiveCfg = Release|x64
		{7D7EABA3-2E7B-4E53-B9CA-CBC4F58CB1F5}.Release|x64.ActiveCfg = Release|x64
		{7D7EABA3-2E7B-4E53-B9CA-CBC4F58CB1F5}.Release|x64.Build.0 = Release|x64
		{2C8DF16B-F0BF-4B2A-A10C-8FAFEAE35E8E}.Debug|Any CPU.ActiveCfg = Debug|x64
		{2C8DF16B-F0BF-4B2A-A10C-8FAFEAE35E8E}.Debug|Any CPU.Build.0 = Debug|x64
		{2C8DF16B-F0BF-4B2A-A10C-8FAFEAE35E8E}.Debug|x64.ActiveCfg = Debug|x64
		{2C8DF16B-F0BF-4B2A-A10C-8FAFEAE35E8E}.Debug|x64.Build.0 = Debug|x64
		{2C8DF16B-F0BF-4B2A-A10C-8FAFEAE35E8E}.Release|Any CPU.ActiveCfg = Release|x64
		{2C8DF16B-F0BF-4B2A-A10C-8FAFEAE35E8E}.Release|x64.ActiveCfg = Release|x64
		{2C8DF16B-F0BF-4B2A-A10C-8FAFEAE35E8E}.Release|x64.Build.0 = Release|x64
		{4A2E5421-B569-456D-AAA2-C3E438E94374}.Debug|Any CPU.ActiveCfg = Debug|x64
		{4A2E5421-B569-456D-AAA2-C3E438E94374}.Debug|Any CPU.Build.0 = Debug|x64
		{4A2E5421-B569-456D-AAA2-C3E438E94374}.Debug|x64.ActiveCfg = Debug|x64
		{4A2E5421-B569-456D-AAA2-C3E438E94374}.Debug|x64.Build.0 = Debug|x64
		{4A2E5421-B569-456D-AAA2-C3E438E94374}.Release|Any CPU.ActiveCfg = Release|x64
		{4A2E5421-B569-456D-AAA2-C3E438E94374}.Release|x64.ActiveCfg = Release|x64
		{4A2E5421-B569-456D-AAA2-C3E438E94374}.Release|x64.Build.0 = Release|x64
		{7D2B000B-32C6-41B4-B219-DD4501B8AFD0}.Debug|Any CPU.ActiveCfg = Debug|x64
		{7D2B000B-32C6-41B4-B219-DD4501B8AFD0}.Debug|Any CPU.Build.0 = Debug|x64
		{7D2B000B-32C6-41B4-B219-DD4501B8AFD0}.Debug|x64.ActiveCfg = Debug|x64
		{7D2B000B-32C6-41B4-B219-DD4501B8AFD0}.Debug|x64.Build.0 = Debug|x64
		{7D2B000B-32C6-41B4-B219-DD4501B8AFD0}.Release|Any CPU.ActiveCfg = Release|x64
		{7D2B000B-32C6-41B4-B219-DD4501B8AFD0}.Release|x64.ActiveCfg = Release|x64
		{7D2B000B-32C6-41B4-B219-DD4501B8AFD0}.Release|x64.Build.0 = Release|x64
		{09A45973-D8FB-46B6-888F-E2A67F46039F}.Debug|Any CPU.ActiveCfg = Debug|x64
		{09A45973-D8FB-46B6-888F-E2A67F46039F}.Debug|Any CPU.Build.0 = Debug|x64
		{09A45973-D8FB-46B6-888F-E2A67F46039F}.Debug|x64.ActiveCfg = Debug|x64
		{09A45973-D8FB-46B6-888F-E2A67F46039F}.Debug|x64.Build.0 = Debug|x64
		{09A45973-D8FB-46B6-888F-E2A67F46039F}.Release|Any CPU.ActiveCfg = Release|x64
		{09A45973-D8FB-46B6-888F-E2A67F46039F}.Release|x64.ActiveCfg = Release|x64
		{09A45973-D8FB-46B6-888F-E2A67F46039F}.Release|x64.Build.0 = Release|x64
		{29B83566-C189-4733-9B40-010737FD4507}.Debug|Any CPU.ActiveCfg = Debug|x64
		{29B83566-C189-4733-9B40-010737FD4507}.Debug|Any CPU.Build.0 = Debug|x64
		{29B83566-C189-4733-9B40-010737FD4507}.Debug|x64.ActiveCfg = Debug|x64
		{29B83566-C189-4733-9B40-010737FD4507}.Debug|x64.Build.0 = Debug|x64
		{29B83566-C189-4733-9B40-010737FD4507}.Release|Any CPU.ActiveCfg = Release|x64
		{29B83566-C189-4733-9B40-010737FD4507}.Release|x64.ActiveCfg = Release|x64
		{29B83566-C189-4733-9B40-010737FD4507}.Release|x64.Build.0 = Release|x64
		{BECCB7DF-A471-475F-847D-DAEA897F9E4B}.Debug|Any CPU.ActiveCfg = Debug|x64
		{BECCB7DF-A471-475F-847D-DAEA897F9E4B}.Debug|Any CPU.Build.0 = Debug|x64
		{BECCB7DF-A471-475F-847D-DAEA897F9E4B}.Debug|x64.ActiveCfg = Debug|x64
		{BECCB7DF-A471-475F-847D-DAEA897F9E4B}.Debug|x64.Build.0 = Debug|x64
		{BECCB7DF-A471-475F-847D-DAEA897F9E4B}.Release|Any CPU.ActiveCfg = Release|x64
		{BECCB7DF-A471-475F-847D-DAEA897F9E4B}.Release|x64.ActiveCfg = Release|x64
		{BECCB7DF-A471-475F-847D-DAEA897F9E4B}.Release|x64.Build.0 = Release|x64
		{4E65259E-676B-4B14-8400-C71E377A2171}.Debug|Any CPU.ActiveCfg = Debug|x64
		{4E65259E-676B-4B14-8400-C71E377A2171}.Debug|Any CPU.Build.0 = Debug|x64
		{4E65259E-676B-4B14-8400-C71E377A2171}.Debug|x64.ActiveCfg = Debug|x64
		{4E65259E-676B-4B14-8400-C71E377A2171}.Debug|x64.Build.0 = Debug|x64
		{4E65259E-676B-4B14-8400-C71E377A2171}.Release|Any CPU.ActiveCfg = Release|x64
		{4E65259E-676B-4B14-8400-C71E377A2171}.Release|x64.ActiveCfg = Release|x64
		{4E65259E-676B-4B14-8400-C71E377A2171}.Release|x64.Build.0 = Release|x64
	EndGlobalSection
	GlobalSection(SolutionProperties) = preSolution
		HideSolutionNode = FALSE
	EndGlobalSection
	GlobalSection(NestedProjects) = preSolution
		{A952A2E4-A406-450E-ABBD-F25B43AF86A5} = {AB76B6E2-4AEC-4387-80AF-E41BFEDDF4EC}
		{AA934CE2-6695-4132-9F11-D21CFE7BFBB2} = {EAC439A1-814B-4892-BBEC-C1A851011240}
		{0AA14CE6-D93E-4D59-B1CA-D2F7E8585539} = {AB76B6E2-4AEC-4387-80AF-E41BFEDDF4EC}
		{538EF266-8663-4726-B826-015B708F2101} = {EAC439A1-814B-4892-BBEC-C1A851011240}
		{842A04E4-D8D4-4ED3-A8B6-0DE9C33AA0CE} = {AB76B6E2-4AEC-4387-80AF-E41BFEDDF4EC}
		{50AE459E-2A61-4FE7-A65B-F35926BA1E47} = {EAC439A1-814B-4892-BBEC-C1A851011240}
		{7B745062-F768-4D81-9A2A-B778D5B05098} = {EAC439A1-814B-4892-BBEC-C1A851011240}
		{01C65F90-880D-4AE2-8E20-EC1CEE075491} = {EAC439A1-814B-4892-BBEC-C1A851011240}
		{056A35FD-03E6-453B-98CC-4B2DC8A785A9} = {EAC439A1-814B-4892-BBEC-C1A851011240}
		{7D7EABA3-2E7B-4E53-B9CA-CBC4F58CB1F5} = {EAC439A1-814B-4892-BBEC-C1A851011240}
		{2C8DF16B-F0BF-4B2A-A10C-8FAFEAE35E8E} = {EAC439A1-814B-4892-BBEC-C1A851011240}
		{4A2E5421-B569-456D-AAA2-C3E438E94374} = {AB76B6E2-4AEC-4387-80AF-E41BFEDDF4EC}
		{7D2B000B-32C6-41B4-B219-DD4501B8AFD0} = {EAC439A1-814B-4892-BBEC-C1A851011240}
		{09A45973-D8FB-46B6-888F-E2A67F46039F} = {EAC439A1-814B-4892-BBEC-C1A851011240}
		{29B83566-C189-4733-9B40-010737FD4507} = {AB76B6E2-4AEC-4387-80AF-E41BFEDDF4EC}
		{BECCB7DF-A471-475F-847D-DAEA897F9E4B} = {AB76B6E2-4AEC-4387-80AF-E41BFEDDF4EC}
		{4E65259E-676B-4B14-8400-C71E377A2171} = {EAC439A1-814B-4892-BBEC-C1A851011240}
	EndGlobalSection
	GlobalSection(ExtensibilityGlobals) = postSolution
		SolutionGuid = {C4C27131-8953-4248-86F2-3E600D7FB80B}
	EndGlobalSection
EndGlobal
